
Microsoft Visual Studio Solution File, Format Version 12.00
# Visual Studio Version 16
VisualStudioVersion = 16.0.30128.74
MinimumVisualStudioVersion = 10.0.40219.1
Project("{9A19103F-16F7-4668-BE54-9A1E7A4F7556}") = "NTierLayer.Dto", "NTierLayer.Dto\NTierLayer.Dto.csproj", "{095DC64E-0D57-4BD2-8988-A3893C81BD86}"
EndProject
Project("{9A19103F-16F7-4668-BE54-9A1E7A4F7556}") = "NTierLayer.Dal", "NTierLayer.Dal\NTierLayer.Dal.csproj", "{305801DA-F63F-4C77-B6C9-7D34538821A4}"
EndProject
Project("{9A19103F-16F7-4668-BE54-9A1E7A4F7556}") = "NTierLayer.Bll", "NTierLayer.Bll\NTierLayer.Bll.csproj", "{29189DA9-5E74-4CF8-97C0-4725245E561F}"
EndProject
Project("{9A19103F-16F7-4668-BE54-9A1E7A4F7556}") = "NTierLayer.Api", "NTierLayer.Api\NTierLayer.Api.csproj", "{D7776BAA-896F-4DE0-A294-AA915050741C}"
EndProject
Global
	GlobalSection(SolutionConfigurationPlatforms) = preSolution
		Debug|Any CPU = Debug|Any CPU
		Release|Any CPU = Release|Any CPU
	EndGlobalSection
	GlobalSection(ProjectConfigurationPlatforms) = postSolution
		{095DC64E-0D57-4BD2-8988-A3893C81BD86}.Debug|Any CPU.ActiveCfg = Debug|Any CPU
		{095DC64E-0D57-4BD2-8988-A3893C81BD86}.Debug|Any CPU.Build.0 = Debug|Any CPU
		{095DC64E-0D57-4BD2-8988-A3893C81BD86}.Release|Any CPU.ActiveCfg = Release|Any CPU
		{095DC64E-0D57-4BD2-8988-A3893C81BD86}.Release|Any CPU.Build.0 = Release|Any CPU
		{305801DA-F63F-4C77-B6C9-7D34538821A4}.Debug|Any CPU.ActiveCfg = Debug|Any CPU
		{305801DA-F63F-4C77-B6C9-7D34538821A4}.Debug|Any CPU.Build.0 = Debug|Any CPU
		{305801DA-F63F-4C77-B6C9-7D34538821A4}.Release|Any CPU.ActiveCfg = Release|Any CPU
		{305801DA-F63F-4C77-B6C9-7D34538821A4}.Release|Any CPU.Build.0 = Release|Any CPU
		{29189DA9-5E74-4CF8-97C0-4725245E561F}.Debug|Any CPU.ActiveCfg = Debug|Any CPU
		{29189DA9-5E74-4CF8-97C0-4725245E561F}.Debug|Any CPU.Build.0 = Debug|Any CPU
		{29189DA9-5E74-4CF8-97C0-4725245E561F}.Release|Any CPU.ActiveCfg = Release|Any CPU
		{29189DA9-5E74-4CF8-97C0-4725245E561F}.Release|Any CPU.Build.0 = Release|Any CPU
		{D7776BAA-896F-4DE0-A294-AA915050741C}.Debug|Any CPU.ActiveCfg = Debug|Any CPU
		{D7776BAA-896F-4DE0-A294-AA915050741C}.Debug|Any CPU.Build.0 = Debug|Any CPU
		{D7776BAA-896F-4DE0-A294-AA915050741C}.Release|Any CPU.ActiveCfg = Release|Any CPU
		{D7776BAA-896F-4DE0-A294-AA915050741C}.Release|Any CPU.Build.0 = Release|Any CPU
	EndGlobalSection
	GlobalSection(SolutionProperties) = preSolution
		HideSolutionNode = FALSE
	EndGlobalSection
	GlobalSection(ExtensibilityGlobals) = postSolution
		SolutionGuid = {AB6D5539-F43E-42C9-86AB-DDF19A4A8B36}
	EndGlobalSection
EndGlobal
